// !$*UTF8*$!
{
	archiveVersion = 1;
	classes = {
	};
	objectVersion = 55;
	objects = {

/* Begin PBXBuildFile section */
		1A189EC928346EB2007F4DA8 /* PlayerView.swift in Sources */ = {isa = PBXBuildFile; fileRef = 1A189EC828346EB2007F4DA8 /* PlayerView.swift */; };
		1A189ECB28346F21007F4DA8 /* VideoView.swift in Sources */ = {isa = PBXBuildFile; fileRef = 1A189ECA28346F21007F4DA8 /* VideoView.swift */; };
		1A189ECD28346F2E007F4DA8 /* RecorderView.swift in Sources */ = {isa = PBXBuildFile; fileRef = 1A189ECC28346F2E007F4DA8 /* RecorderView.swift */; };
		1ABA4720285687F90044AC85 /* FailAuthView.swift in Sources */ = {isa = PBXBuildFile; fileRef = 1ABA471F285687F80044AC85 /* FailAuthView.swift */; };
		1ABA47222856AF290044AC85 /* SupportInfo.swift in Sources */ = {isa = PBXBuildFile; fileRef = 1ABA47212856AF290044AC85 /* SupportInfo.swift */; };
		1ABA47242857E24D0044AC85 /* TempFile.swift in Sources */ = {isa = PBXBuildFile; fileRef = 1ABA47232857E24D0044AC85 /* TempFile.swift */; };
		1AD91D0F2831B06800190D39 /* iosadv_4App.swift in Sources */ = {isa = PBXBuildFile; fileRef = 1AD91D0E2831B06800190D39 /* iosadv_4App.swift */; };
		1AD91D112831B06800190D39 /* ContentView.swift in Sources */ = {isa = PBXBuildFile; fileRef = 1AD91D102831B06800190D39 /* ContentView.swift */; };
		1AD91D132831B07100190D39 /* Assets.xcassets in Resources */ = {isa = PBXBuildFile; fileRef = 1AD91D122831B07100190D39 /* Assets.xcassets */; };
		1AD91D162831B07100190D39 /* Preview Assets.xcassets in Resources */ = {isa = PBXBuildFile; fileRef = 1AD91D152831B07100190D39 /* Preview Assets.xcassets */; };
		1AD91D2C28330DE300190D39 /* FeedView.swift in Sources */ = {isa = PBXBuildFile; fileRef = 1AD91D2B28330DE300190D39 /* FeedView.swift */; };
		1AD91D2E28330DEE00190D39 /* LoginView.swift in Sources */ = {isa = PBXBuildFile; fileRef = 1AD91D2D28330DEE00190D39 /* LoginView.swift */; };
		1AF2601128515C2F001C1B23 /* MainView.swift in Sources */ = {isa = PBXBuildFile; fileRef = 1AF2601028515C2F001C1B23 /* MainView.swift */; };
		1AF260132851613C001C1B23 /* LoginInspector.swift in Sources */ = {isa = PBXBuildFile; fileRef = 1AF260122851613C001C1B23 /* LoginInspector.swift */; };
		1AF260152852B11A001C1B23 /* BioAuthView.swift in Sources */ = {isa = PBXBuildFile; fileRef = 1AF260142852B11A001C1B23 /* BioAuthView.swift */; };
		1AF260172853E8F6001C1B23 /* LoginForm.swift in Sources */ = {isa = PBXBuildFile; fileRef = 1AF260162853E8F6001C1B23 /* LoginForm.swift */; };
/* End PBXBuildFile section */

/* Begin PBXFileReference section */
		1A189EC828346EB2007F4DA8 /* PlayerView.swift */ = {isa = PBXFileReference; lastKnownFileType = sourcecode.swift; path = PlayerView.swift; sourceTree = "<group>"; };
		1A189ECA28346F21007F4DA8 /* VideoView.swift */ = {isa = PBXFileReference; lastKnownFileType = sourcecode.swift; path = VideoView.swift; sourceTree = "<group>"; };
		1A189ECC28346F2E007F4DA8 /* RecorderView.swift */ = {isa = PBXFileReference; lastKnownFileType = sourcecode.swift; path = RecorderView.swift; sourceTree = "<group>"; };
		1ABA471F285687F80044AC85 /* FailAuthView.swift */ = {isa = PBXFileReference; lastKnownFileType = sourcecode.swift; path = FailAuthView.swift; sourceTree = "<group>"; };
		1ABA47212856AF290044AC85 /* SupportInfo.swift */ = {isa = PBXFileReference; lastKnownFileType = sourcecode.swift; path = SupportInfo.swift; sourceTree = "<group>"; };
		1ABA47232857E24D0044AC85 /* TempFile.swift */ = {isa = PBXFileReference; lastKnownFileType = sourcecode.swift; path = TempFile.swift; sourceTree = "<group>"; };
		1AD91D0B2831B06800190D39 /* iosadv-4.app */ = {isa = PBXFileReference; explicitFileType = wrapper.application; includeInIndex = 0; path = "iosadv-4.app"; sourceTree = BUILT_PRODUCTS_DIR; };
		1AD91D0E2831B06800190D39 /* iosadv_4App.swift */ = {isa = PBXFileReference; lastKnownFileType = sourcecode.swift; path = iosadv_4App.swift; sourceTree = "<group>"; };
		1AD91D102831B06800190D39 /* ContentView.swift */ = {isa = PBXFileReference; lastKnownFileType = sourcecode.swift; path = ContentView.swift; sourceTree = "<group>"; };
		1AD91D122831B07100190D39 /* Assets.xcassets */ = {isa = PBXFileReference; lastKnownFileType = folder.assetcatalog; path = Assets.xcassets; sourceTree = "<group>"; };
		1AD91D152831B07100190D39 /* Preview Assets.xcassets */ = {isa = PBXFileReference; lastKnownFileType = folder.assetcatalog; path = "Preview Assets.xcassets"; sourceTree = "<group>"; };
		1AD91D2B28330DE300190D39 /* FeedView.swift */ = {isa = PBXFileReference; lastKnownFileType = sourcecode.swift; path = FeedView.swift; sourceTree = "<group>"; };
		1AD91D2D28330DEE00190D39 /* LoginView.swift */ = {isa = PBXFileReference; lastKnownFileType = sourcecode.swift; path = LoginView.swift; sourceTree = "<group>"; };
		1AF2601028515C2F001C1B23 /* MainView.swift */ = {isa = PBXFileReference; lastKnownFileType = sourcecode.swift; path = MainView.swift; sourceTree = "<group>"; };
		1AF260122851613C001C1B23 /* LoginInspector.swift */ = {isa = PBXFileReference; lastKnownFileType = sourcecode.swift; path = LoginInspector.swift; sourceTree = "<group>"; };
		1AF260142852B11A001C1B23 /* BioAuthView.swift */ = {isa = PBXFileReference; lastKnownFileType = sourcecode.swift; path = BioAuthView.swift; sourceTree = "<group>"; };
		1AF260162853E8F6001C1B23 /* LoginForm.swift */ = {isa = PBXFileReference; lastKnownFileType = sourcecode.swift; path = LoginForm.swift; sourceTree = "<group>"; };
/* End PBXFileReference section */

/* Begin PBXFrameworksBuildPhase section */
		1AD91D082831B06800190D39 /* Frameworks */ = {
			isa = PBXFrameworksBuildPhase;
			buildActionMask = 2147483647;
			files = (
			);
			runOnlyForDeploymentPostprocessing = 0;
		};
/* End PBXFrameworksBuildPhase section */

/* Begin PBXGroup section */
		1AD91D022831B06800190D39 = {
			isa = PBXGroup;
			children = (
				1AD91D0D2831B06800190D39 /* iosadv-4 */,
				1AD91D0C2831B06800190D39 /* Products */,
			);
			sourceTree = "<group>";
		};
		1AD91D0C2831B06800190D39 /* Products */ = {
			isa = PBXGroup;
			children = (
				1AD91D0B2831B06800190D39 /* iosadv-4.app */,
			);
			name = Products;
			sourceTree = "<group>";
		};
		1AD91D0D2831B06800190D39 /* iosadv-4 */ = {
			isa = PBXGroup;
			children = (
				1AD91D0E2831B06800190D39 /* iosadv_4App.swift */,
				1ABA47212856AF290044AC85 /* SupportInfo.swift */,
				1AD91D262831BF5600190D39 /* Views */,
				1AF260122851613C001C1B23 /* LoginInspector.swift */,
				1AD91D122831B07100190D39 /* Assets.xcassets */,
				1AD91D142831B07100190D39 /* Preview Content */,
			);
			path = "iosadv-4";
			sourceTree = "<group>";
		};
		1AD91D142831B07100190D39 /* Preview Content */ = {
			isa = PBXGroup;
			children = (
				1AD91D152831B07100190D39 /* Preview Assets.xcassets */,
			);
			path = "Preview Content";
			sourceTree = "<group>";
		};
		1AD91D262831BF5600190D39 /* Views */ = {
			isa = PBXGroup;
			children = (
				1AD91D102831B06800190D39 /* ContentView.swift */,
				1AF260162853E8F6001C1B23 /* LoginForm.swift */,
				1AD91D2B28330DE300190D39 /* FeedView.swift */,
				1AD91D2D28330DEE00190D39 /* LoginView.swift */,
				1A189EC828346EB2007F4DA8 /* PlayerView.swift */,
				1A189ECA28346F21007F4DA8 /* VideoView.swift */,
				1A189ECC28346F2E007F4DA8 /* RecorderView.swift */,
				1AF2601028515C2F001C1B23 /* MainView.swift */,
				1ABA471F285687F80044AC85 /* FailAuthView.swift */,
				1AF260142852B11A001C1B23 /* BioAuthView.swift */,
				1ABA47232857E24D0044AC85 /* TempFile.swift */,
			);
			path = Views;
			sourceTree = "<group>";
		};
/* End PBXGroup section */

/* Begin PBXNativeTarget section */
		1AD91D0A2831B06800190D39 /* iosadv-4 */ = {
			isa = PBXNativeTarget;
			buildConfigurationList = 1AD91D192831B07100190D39 /* Build configuration list for PBXNativeTarget "iosadv-4" */;
			buildPhases = (
				1AD91D072831B06800190D39 /* Sources */,
				1AD91D082831B06800190D39 /* Frameworks */,
				1AD91D092831B06800190D39 /* Resources */,
			);
			buildRules = (
			);
			dependencies = (
			);
			name = "iosadv-4";
			productName = "iosadv-4";
			productReference = 1AD91D0B2831B06800190D39 /* iosadv-4.app */;
			productType = "com.apple.product-type.application";
		};
/* End PBXNativeTarget section */

/* Begin PBXProject section */
		1AD91D032831B06800190D39 /* Project object */ = {
			isa = PBXProject;
			attributes = {
				BuildIndependentTargetsInParallel = 1;
				LastSwiftUpdateCheck = 1330;
				LastUpgradeCheck = 1330;
				TargetAttributes = {
					1AD91D0A2831B06800190D39 = {
						CreatedOnToolsVersion = 13.3.1;
					};
				};
			};
			buildConfigurationList = 1AD91D062831B06800190D39 /* Build configuration list for PBXProject "iosadv-4" */;
			compatibilityVersion = "Xcode 13.0";
			developmentRegion = en;
			hasScannedForEncodings = 0;
			knownRegions = (
				en,
				Base,
			);
			mainGroup = 1AD91D022831B06800190D39;
			productRefGroup = 1AD91D0C2831B06800190D39 /* Products */;
			projectDirPath = "";
			projectRoot = "";
			targets = (
				1AD91D0A2831B06800190D39 /* iosadv-4 */,
			);
		};
/* End PBXProject section */

/* Begin PBXResourcesBuildPhase section */
		1AD91D092831B06800190D39 /* Resources */ = {
			isa = PBXResourcesBuildPhase;
			buildActionMask = 2147483647;
			files = (
				1AD91D162831B07100190D39 /* Preview Assets.xcassets in Resources */,
				1AD91D132831B07100190D39 /* Assets.xcassets in Resources */,
			);
			runOnlyForDeploymentPostprocessing = 0;
		};
/* End PBXResourcesBuildPhase section */

/* Begin PBXSourcesBuildPhase section */
		1AD91D072831B06800190D39 /* Sources */ = {
			isa = PBXSourcesBuildPhase;
			buildActionMask = 2147483647;
			files = (
				1AF260132851613C001C1B23 /* LoginInspector.swift in Sources */,
				1A189ECB28346F21007F4DA8 /* VideoView.swift in Sources */,
				1AF260172853E8F6001C1B23 /* LoginForm.swift in Sources */,
				1ABA47242857E24D0044AC85 /* TempFile.swift in Sources */,
				1AF2601128515C2F001C1B23 /* MainView.swift in Sources */,
				1AD91D112831B06800190D39 /* ContentView.swift in Sources */,
				1AD91D2C28330DE300190D39 /* FeedView.swift in Sources */,
				1AD91D2E28330DEE00190D39 /* LoginView.swift in Sources */,
				1A189EC928346EB2007F4DA8 /* PlayerView.swift in Sources */,
				1ABA47222856AF290044AC85 /* SupportInfo.swift in Sources */,
				1AF260152852B11A001C1B23 /* BioAuthView.swift in Sources */,
				1A189ECD28346F2E007F4DA8 /* RecorderView.swift in Sources */,
				1ABA4720285687F90044AC85 /* FailAuthView.swift in Sources */,
				1AD91D0F2831B06800190D39 /* iosadv_4App.swift in Sources */,
			);
			runOnlyForDeploymentPostprocessing = 0;
		};
/* End PBXSourcesBuildPhase section */

/* Begin XCBuildConfiguration section */
		1AD91D172831B07100190D39 /* Debug */ = {
			isa = XCBuildConfiguration;
			buildSettings = {
				ALWAYS_SEARCH_USER_PATHS = NO;
				CLANG_ANALYZER_NONNULL = YES;
				CLANG_ANALYZER_NUMBER_OBJECT_CONVERSION = YES_AGGRESSIVE;
				CLANG_CXX_LANGUAGE_STANDARD = "gnu++17";
				CLANG_ENABLE_MODULES = YES;
				CLANG_ENABLE_OBJC_ARC = YES;
				CLANG_ENABLE_OBJC_WEAK = YES;
				CLANG_WARN_BLOCK_CAPTURE_AUTORELEASING = YES;
				CLANG_WARN_BOOL_CONVERSION = YES;
				CLANG_WARN_COMMA = YES;
				CLANG_WARN_CONSTANT_CONVERSION = YES;
				CLANG_WARN_DEPRECATED_OBJC_IMPLEMENTATIONS = YES;
				CLANG_WARN_DIRECT_OBJC_ISA_USAGE = YES_ERROR;
				CLANG_WARN_DOCUMENTATION_COMMENTS = YES;
				CLANG_WARN_EMPTY_BODY = YES;
				CLANG_WARN_ENUM_CONVERSION = YES;
				CLANG_WARN_INFINITE_RECURSION = YES;
				CLANG_WARN_INT_CONVERSION = YES;
				CLANG_WARN_NON_LITERAL_NULL_CONVERSION = YES;
				CLANG_WARN_OBJC_IMPLICIT_RETAIN_SELF = YES;
				CLANG_WARN_OBJC_LITERAL_CONVERSION = YES;
				CLANG_WARN_OBJC_ROOT_CLASS = YES_ERROR;
				CLANG_WARN_QUOTED_INCLUDE_IN_FRAMEWORK_HEADER = YES;
				CLANG_WARN_RANGE_LOOP_ANALYSIS = YES;
				CLANG_WARN_STRICT_PROTOTYPES = YES;
				CLANG_WARN_SUSPICIOUS_MOVE = YES;
				CLANG_WARN_UNGUARDED_AVAILABILITY = YES_AGGRESSIVE;
				CLANG_WARN_UNREACHABLE_CODE = YES;
				CLANG_WARN__DUPLICATE_METHOD_MATCH = YES;
				COPY_PHASE_STRIP = NO;
				DEBUG_INFORMATION_FORMAT = dwarf;
				ENABLE_STRICT_OBJC_MSGSEND = YES;
				ENABLE_TESTABILITY = YES;
				GCC_C_LANGUAGE_STANDARD = gnu11;
				GCC_DYNAMIC_NO_PIC = NO;
				GCC_NO_COMMON_BLOCKS = YES;
				GCC_OPTIMIZATION_LEVEL = 0;
				GCC_PREPROCESSOR_DEFINITIONS = (
					"DEBUG=1",
					"$(inherited)",
				);
				GCC_WARN_64_TO_32_BIT_CONVERSION = YES;
				GCC_WARN_ABOUT_RETURN_TYPE = YES_ERROR;
				GCC_WARN_UNDECLARED_SELECTOR = YES;
				GCC_WARN_UNINITIALIZED_AUTOS = YES_AGGRESSIVE;
				GCC_WARN_UNUSED_FUNCTION = YES;
				GCC_WARN_UNUSED_VARIABLE = YES;
				IPHONEOS_DEPLOYMENT_TARGET = 15.4;
				MTL_ENABLE_DEBUG_INFO = INCLUDE_SOURCE;
				MTL_FAST_MATH = YES;
				ONLY_ACTIVE_ARCH = YES;
				SDKROOT = iphoneos;
				SWIFT_ACTIVE_COMPILATION_CONDITIONS = DEBUG;
				SWIFT_OPTIMIZATION_LEVEL = "-Onone";
			};
			name = Debug;
		};
		1AD91D182831B07100190D39 /* Release */ = {
			isa = XCBuildConfiguration;
			buildSettings = {
				ALWAYS_SEARCH_USER_PATHS = NO;
				CLANG_ANALYZER_NONNULL = YES;
				CLANG_ANALYZER_NUMBER_OBJECT_CONVERSION = YES_AGGRESSIVE;
				CLANG_CXX_LANGUAGE_STANDARD = "gnu++17";
				CLANG_ENABLE_MODULES = YES;
				CLANG_ENABLE_OBJC_ARC = YES;
				CLANG_ENABLE_OBJC_WEAK = YES;
				CLANG_WARN_BLOCK_CAPTURE_AUTORELEASING = YES;
				CLANG_WARN_BOOL_CONVERSION = YES;
				CLANG_WARN_COMMA = YES;
				CLANG_WARN_CONSTANT_CONVERSION = YES;
				CLANG_WARN_DEPRECATED_OBJC_IMPLEMENTATIONS = YES;
				CLANG_WARN_DIRECT_OBJC_ISA_USAGE = YES_ERROR;
				CLANG_WARN_DOCUMENTATION_COMMENTS = YES;
				CLANG_WARN_EMPTY_BODY = YES;
				CLANG_WARN_ENUM_CONVERSION = YES;
				CLANG_WARN_INFINITE_RECURSION = YES;
				CLANG_WARN_INT_CONVERSION = YES;
				CLANG_WARN_NON_LITERAL_NULL_CONVERSION = YES;
				CLANG_WARN_OBJC_IMPLICIT_RETAIN_SELF = YES;
				CLANG_WARN_OBJC_LITERAL_CONVERSION = YES;
				CLANG_WARN_OBJC_ROOT_CLASS = YES_ERROR;
				CLANG_WARN_QUOTED_INCLUDE_IN_FRAMEWORK_HEADER = YES;
				CLANG_WARN_RANGE_LOOP_ANALYSIS = YES;
				CLANG_WARN_STRICT_PROTOTYPES = YES;
				CLANG_WARN_SUSPICIOUS_MOVE = YES;
				CLANG_WARN_UNGUARDED_AVAILABILITY = YES_AGGRESSIVE;
				CLANG_WARN_UNREACHABLE_CODE = YES;
				CLANG_WARN__DUPLICATE_METHOD_MATCH = YES;
				COPY_PHASE_STRIP = NO;
				DEBUG_INFORMATION_FORMAT = "dwarf-with-dsym";
				ENABLE_NS_ASSERTIONS = NO;
				ENABLE_STRICT_OBJC_MSGSEND = YES;
				GCC_C_LANGUAGE_STANDARD = gnu11;
				GCC_NO_COMMON_BLOCKS = YES;
				GCC_WARN_64_TO_32_BIT_CONVERSION = YES;
				GCC_WARN_ABOUT_RETURN_TYPE = YES_ERROR;
				GCC_WARN_UNDECLARED_SELECTOR = YES;
				GCC_WARN_UNINITIALIZED_AUTOS = YES_AGGRESSIVE;
				GCC_WARN_UNUSED_FUNCTION = YES;
				GCC_WARN_UNUSED_VARIABLE = YES;
				IPHONEOS_DEPLOYMENT_TARGET = 15.4;
				MTL_ENABLE_DEBUG_INFO = NO;
				MTL_FAST_MATH = YES;
				SDKROOT = iphoneos;
				SWIFT_COMPILATION_MODE = wholemodule;
				SWIFT_OPTIMIZATION_LEVEL = "-O";
				VALIDATE_PRODUCT = YES;
			};
			name = Release;
		};
		1AD91D1A2831B07100190D39 /* Debug */ = {
			isa = XCBuildConfiguration;
			buildSettings = {
				ASSETCATALOG_COMPILER_APPICON_NAME = AppIcon;
				ASSETCATALOG_COMPILER_GLOBAL_ACCENT_COLOR_NAME = AccentColor;
				CODE_SIGN_STYLE = Automatic;
				CURRENT_PROJECT_VERSION = 1;
				DEVELOPMENT_ASSET_PATHS = "\"iosadv-4/Preview Content\"";
				DEVELOPMENT_TEAM = 5BFVZ4T283;
				ENABLE_PREVIEWS = YES;
				GENERATE_INFOPLIST_FILE = YES;
				INFOPLIST_KEY_NSFaceIDUsageDescription = "";
				INFOPLIST_KEY_UIApplicationSceneManifest_Generation = YES;
				INFOPLIST_KEY_UIApplicationSupportsIndirectInputEvents = YES;
				INFOPLIST_KEY_UILaunchScreen_Generation = YES;
				INFOPLIST_KEY_UISupportedInterfaceOrientations_iPad = "UIInterfaceOrientationPortrait UIInterfaceOrientationPortraitUpsideDown UIInterfaceOrientationLandscapeLeft UIInterfaceOrientationLandscapeRight";
				INFOPLIST_KEY_UISupportedInterfaceOrientations_iPhone = "UIInterfaceOrientationPortrait UIInterfaceOrientationLandscapeLeft UIInterfaceOrientationLandscapeRight";
				IPHONEOS_DEPLOYMENT_TARGET = 15.4;
				LD_RUNPATH_SEARCH_PATHS = (
					"$(inherited)",
					"@executable_path/Frameworks",
				);
				MARKETING_VERSION = 1.0;
				PRODUCT_BUNDLE_IDENTIFIER = "site.immersing.iosadv-4";
				PRODUCT_NAME = "$(TARGET_NAME)";
				SWIFT_EMIT_LOC_STRINGS = YES;
				SWIFT_VERSION = 5.0;
				TARGETED_DEVICE_FAMILY = "1,2";
			};
			name = Debug;
		};
		1AD91D1B2831B07100190D39 /* Release */ = {
			isa = XCBuildConfiguration;
			buildSettings = {
				ASSETCATALOG_COMPILER_APPICON_NAME = AppIcon;
				ASSETCATALOG_COMPILER_GLOBAL_ACCENT_COLOR_NAME = AccentColor;
				CODE_SIGN_STYLE = Automatic;
				CURRENT_PROJECT_VERSION = 1;
				DEVELOPMENT_ASSET_PATHS = "\"iosadv-4/Preview Content\"";
				DEVELOPMENT_TEAM = 5BFVZ4T283;
				ENABLE_PREVIEWS = YES;
				GENERATE_INFOPLIST_FILE = YES;
				INFOPLIST_KEY_NSFaceIDUsageDescription = "";
				INFOPLIST_KEY_UIApplicationSceneManifest_Generation = YES;
				INFOPLIST_KEY_UIApplicationSupportsIndirectInputEvents = YES;
				INFOPLIST_KEY_UILaunchScreen_Generation = YES;
				INFOPLIST_KEY_UISupportedInterfaceOrientations_iPad = "UIInterfaceOrientationPortrait UIInterfaceOrientationPortraitUpsideDown UIInterfaceOrientationLandscapeLeft UIInterfaceOrientationLandscapeRight";
				INFOPLIST_KEY_UISupportedInterfaceOrientations_iPhone = "UIInterfaceOrientationPortrait UIInterfaceOrientationLandscapeLeft UIInterfaceOrientationLandscapeRight";
				IPHONEOS_DEPLOYMENT_TARGET = 15.4;
				LD_RUNPATH_SEARCH_PATHS = (
					"$(inherited)",
					"@executable_path/Frameworks",
				);
				MARKETING_VERSION = 1.0;
				PRODUCT_BUNDLE_IDENTIFIER = "site.immersing.iosadv-4";
				PRODUCT_NAME = "$(TARGET_NAME)";
				SWIFT_EMIT_LOC_STRINGS = YES;
				SWIFT_VERSION = 5.0;
				TARGETED_DEVICE_FAMILY = "1,2";
			};
			name = Release;
		};
/* End XCBuildConfiguration section */

/* Begin XCConfigurationList section */
		1AD91D062831B06800190D39 /* Build configuration list for PBXProject "iosadv-4" */ = {
			isa = XCConfigurationList;
			buildConfigurations = (
				1AD91D172831B07100190D39 /* Debug */,
				1AD91D182831B07100190D39 /* Release */,
			);
			defaultConfigurationIsVisible = 0;
			defaultConfigurationName = Release;
		};
		1AD91D192831B07100190D39 /* Build configuration list for PBXNativeTarget "iosadv-4" */ = {
			isa = XCConfigurationList;
			buildConfigurations = (
				1AD91D1A2831B07100190D39 /* Debug */,
				1AD91D1B2831B07100190D39 /* Release */,
			);
			defaultConfigurationIsVisible = 0;
			defaultConfigurationName = Release;
		};
/* End XCConfigurationList section */
	};
	rootObject = 1AD91D032831B06800190D39 /* Project object */;
}
